// !$*UTF8*$!
{
	archiveVersion = 1;
	classes = {
	};
	objectVersion = 55;
	objects = {

/* Begin PBXBuildFile section */
		2D9896CA290F5BC1008CDA78 /* HomeNetworkTest.swift in Sources */ = {isa = PBXBuildFile; fileRef = 2D9896C9290F5BC1008CDA78 /* HomeNetworkTest.swift */; };
		2DBB228F2908CF2600011D2B /* AppDelegate.swift in Sources */ = {isa = PBXBuildFile; fileRef = 2DBB228E2908CF2600011D2B /* AppDelegate.swift */; };
		2DBB22912908CF2600011D2B /* SceneDelegate.swift in Sources */ = {isa = PBXBuildFile; fileRef = 2DBB22902908CF2600011D2B /* SceneDelegate.swift */; };
		2DBB22962908CF2600011D2B /* Main.storyboard in Resources */ = {isa = PBXBuildFile; fileRef = 2DBB22942908CF2600011D2B /* Main.storyboard */; };
		2DBB22982908CF2A00011D2B /* Assets.xcassets in Resources */ = {isa = PBXBuildFile; fileRef = 2DBB22972908CF2A00011D2B /* Assets.xcassets */; };
		2DBB229B2908CF2A00011D2B /* LaunchScreen.storyboard in Resources */ = {isa = PBXBuildFile; fileRef = 2DBB22992908CF2A00011D2B /* LaunchScreen.storyboard */; };
		2DD51D17290B393300AEA0C9 /* HomeNetwork.swift in Sources */ = {isa = PBXBuildFile; fileRef = 2DD51D16290B393300AEA0C9 /* HomeNetwork.swift */; };
		9379ACD8EC429D79FB35624F /* Pods_emissi0n.framework in Frameworks */ = {isa = PBXBuildFile; fileRef = 5817AD4B65EA1D032A00BF43 /* Pods_emissi0n.framework */; };
		C892F5C12909A96200E5D085 /* SignUpViewController.swift in Sources */ = {isa = PBXBuildFile; fileRef = C892F5C02909A96200E5D085 /* SignUpViewController.swift */; };
		C8D8836629098E89008BD8D6 /* SignInViewController.swift in Sources */ = {isa = PBXBuildFile; fileRef = C8D8836529098E89008BD8D6 /* SignInViewController.swift */; };
		C8D8836829098EBB008BD8D6 /* HomeViewController.swift in Sources */ = {isa = PBXBuildFile; fileRef = C8D8836729098EBB008BD8D6 /* HomeViewController.swift */; };
/* End PBXBuildFile section */

/* Begin PBXFileReference section */
		2D9896C9290F5BC1008CDA78 /* HomeNetworkTest.swift */ = {isa = PBXFileReference; lastKnownFileType = sourcecode.swift; path = HomeNetworkTest.swift; sourceTree = "<group>"; };
		2DBB228B2908CF2600011D2B /* emissi0n.app */ = {isa = PBXFileReference; explicitFileType = wrapper.application; includeInIndex = 0; path = emissi0n.app; sourceTree = BUILT_PRODUCTS_DIR; };
		2DBB228E2908CF2600011D2B /* AppDelegate.swift */ = {isa = PBXFileReference; lastKnownFileType = sourcecode.swift; path = AppDelegate.swift; sourceTree = "<group>"; };
		2DBB22902908CF2600011D2B /* SceneDelegate.swift */ = {isa = PBXFileReference; lastKnownFileType = sourcecode.swift; path = SceneDelegate.swift; sourceTree = "<group>"; };
		2DBB22952908CF2600011D2B /* Base */ = {isa = PBXFileReference; lastKnownFileType = file.storyboard; name = Base; path = Base.lproj/Main.storyboard; sourceTree = "<group>"; };
		2DBB22972908CF2A00011D2B /* Assets.xcassets */ = {isa = PBXFileReference; lastKnownFileType = folder.assetcatalog; path = Assets.xcassets; sourceTree = "<group>"; };
		2DBB229A2908CF2A00011D2B /* Base */ = {isa = PBXFileReference; lastKnownFileType = file.storyboard; name = Base; path = Base.lproj/LaunchScreen.storyboard; sourceTree = "<group>"; };
		2DBB229C2908CF2A00011D2B /* Info.plist */ = {isa = PBXFileReference; lastKnownFileType = text.plist.xml; path = Info.plist; sourceTree = "<group>"; };
		2DD51D16290B393300AEA0C9 /* HomeNetwork.swift */ = {isa = PBXFileReference; lastKnownFileType = sourcecode.swift; path = HomeNetwork.swift; sourceTree = "<group>"; };
		566ABB4DA31D7E75C4AE5AB8 /* Pods-emissi0n.release.xcconfig */ = {isa = PBXFileReference; includeInIndex = 1; lastKnownFileType = text.xcconfig; name = "Pods-emissi0n.release.xcconfig"; path = "Target Support Files/Pods-emissi0n/Pods-emissi0n.release.xcconfig"; sourceTree = "<group>"; };
		5817AD4B65EA1D032A00BF43 /* Pods_emissi0n.framework */ = {isa = PBXFileReference; explicitFileType = wrapper.framework; includeInIndex = 0; path = Pods_emissi0n.framework; sourceTree = BUILT_PRODUCTS_DIR; };
		C892F5C02909A96200E5D085 /* SignUpViewController.swift */ = {isa = PBXFileReference; lastKnownFileType = sourcecode.swift; path = SignUpViewController.swift; sourceTree = "<group>"; };
		C8D8836529098E89008BD8D6 /* SignInViewController.swift */ = {isa = PBXFileReference; lastKnownFileType = sourcecode.swift; path = SignInViewController.swift; sourceTree = "<group>"; };
		C8D8836729098EBB008BD8D6 /* HomeViewController.swift */ = {isa = PBXFileReference; lastKnownFileType = sourcecode.swift; path = HomeViewController.swift; sourceTree = "<group>"; };
		FE8448CF92E1A491BC947FB0 /* Pods-emissi0n.debug.xcconfig */ = {isa = PBXFileReference; includeInIndex = 1; lastKnownFileType = text.xcconfig; name = "Pods-emissi0n.debug.xcconfig"; path = "Target Support Files/Pods-emissi0n/Pods-emissi0n.debug.xcconfig"; sourceTree = "<group>"; };
/* End PBXFileReference section */

/* Begin PBXFrameworksBuildPhase section */
		2DBB22882908CF2600011D2B /* Frameworks */ = {
			isa = PBXFrameworksBuildPhase;
			buildActionMask = 2147483647;
			files = (
				9379ACD8EC429D79FB35624F /* Pods_emissi0n.framework in Frameworks */,
			);
			runOnlyForDeploymentPostprocessing = 0;
		};
/* End PBXFrameworksBuildPhase section */

/* Begin PBXGroup section */
		2DBB22822908CF2600011D2B = {
			isa = PBXGroup;
			children = (
				2DBB228D2908CF2600011D2B /* emissi0n */,
				2DBB228C2908CF2600011D2B /* Products */,
				5C4A0F59A9A0FA49A56DD95C /* Pods */,
				B3DE3A58E9230E765004A939 /* Frameworks */,
			);
			sourceTree = "<group>";
		};
		2DBB228C2908CF2600011D2B /* Products */ = {
			isa = PBXGroup;
			children = (
				2DBB228B2908CF2600011D2B /* emissi0n.app */,
			);
			name = Products;
			sourceTree = "<group>";
		};
		2DBB228D2908CF2600011D2B /* emissi0n */ = {
			isa = PBXGroup;
			children = (
				2DBB228E2908CF2600011D2B /* AppDelegate.swift */,
				2DBB22902908CF2600011D2B /* SceneDelegate.swift */,
				2DBB22942908CF2600011D2B /* Main.storyboard */,
				C892F5C02909A96200E5D085 /* SignUpViewController.swift */,
				C8D8836729098EBB008BD8D6 /* HomeViewController.swift */,
				C8D8836529098E89008BD8D6 /* SignInViewController.swift */,
				2DBB22972908CF2A00011D2B /* Assets.xcassets */,
				2DBB22992908CF2A00011D2B /* LaunchScreen.storyboard */,
				2DBB229C2908CF2A00011D2B /* Info.plist */,
				2DD51D16290B393300AEA0C9 /* HomeNetwork.swift */,
				2D9896C9290F5BC1008CDA78 /* HomeNetworkTest.swift */,
			);
			path = emissi0n;
			sourceTree = "<group>";
		};
		5C4A0F59A9A0FA49A56DD95C /* Pods */ = {
			isa = PBXGroup;
			children = (
				FE8448CF92E1A491BC947FB0 /* Pods-emissi0n.debug.xcconfig */,
				566ABB4DA31D7E75C4AE5AB8 /* Pods-emissi0n.release.xcconfig */,
			);
			path = Pods;
			sourceTree = "<group>";
		};
		B3DE3A58E9230E765004A939 /* Frameworks */ = {
			isa = PBXGroup;
			children = (
				5817AD4B65EA1D032A00BF43 /* Pods_emissi0n.framework */,
			);
			name = Frameworks;
			sourceTree = "<group>";
		};
/* End PBXGroup section */

/* Begin PBXNativeTarget section */
		2DBB228A2908CF2600011D2B /* emissi0n */ = {
			isa = PBXNativeTarget;
			buildConfigurationList = 2DBB229F2908CF2A00011D2B /* Build configuration list for PBXNativeTarget "emissi0n" */;
			buildPhases = (
				20AE405814EA49CFC7E878B7 /* [CP] Check Pods Manifest.lock */,
				2DBB22872908CF2600011D2B /* Sources */,
				2DBB22882908CF2600011D2B /* Frameworks */,
				2DBB22892908CF2600011D2B /* Resources */,
				50B5672D5A118EEF3CE9D2F9 /* [CP] Embed Pods Frameworks */,
			);
			buildRules = (
			);
			dependencies = (
			);
			name = emissi0n;
			productName = emissi0n;
			productReference = 2DBB228B2908CF2600011D2B /* emissi0n.app */;
			productType = "com.apple.product-type.application";
		};
/* End PBXNativeTarget section */

/* Begin PBXProject section */
		2DBB22832908CF2600011D2B /* Project object */ = {
			isa = PBXProject;
			attributes = {
				BuildIndependentTargetsInParallel = 1;
				LastSwiftUpdateCheck = 1340;
				LastUpgradeCheck = 1340;
				TargetAttributes = {
					2DBB228A2908CF2600011D2B = {
						CreatedOnToolsVersion = 13.4.1;
					};
				};
			};
			buildConfigurationList = 2DBB22862908CF2600011D2B /* Build configuration list for PBXProject "emissi0n" */;
			compatibilityVersion = "Xcode 13.0";
			developmentRegion = en;
			hasScannedForEncodings = 0;
			knownRegions = (
				en,
				Base,
			);
			mainGroup = 2DBB22822908CF2600011D2B;
			productRefGroup = 2DBB228C2908CF2600011D2B /* Products */;
			projectDirPath = "";
			projectRoot = "";
			targets = (
				2DBB228A2908CF2600011D2B /* emissi0n */,
			);
		};
/* End PBXProject section */

/* Begin PBXResourcesBuildPhase section */
		2DBB22892908CF2600011D2B /* Resources */ = {
			isa = PBXResourcesBuildPhase;
			buildActionMask = 2147483647;
			files = (
				2DBB229B2908CF2A00011D2B /* LaunchScreen.storyboard in Resources */,
				2DBB22982908CF2A00011D2B /* Assets.xcassets in Resources */,
				2DBB22962908CF2600011D2B /* Main.storyboard in Resources */,
			);
			runOnlyForDeploymentPostprocessing = 0;
		};
/* End PBXResourcesBuildPhase section */

/* Begin PBXShellScriptBuildPhase section */
		20AE405814EA49CFC7E878B7 /* [CP] Check Pods Manifest.lock */ = {
			isa = PBXShellScriptBuildPhase;
			buildActionMask = 2147483647;
			files = (
			);
			inputFileListPaths = (
			);
			inputPaths = (
				"${PODS_PODFILE_DIR_PATH}/Podfile.lock",
				"${PODS_ROOT}/Manifest.lock",
			);
			name = "[CP] Check Pods Manifest.lock";
			outputFileListPaths = (
			);
			outputPaths = (
				"$(DERIVED_FILE_DIR)/Pods-emissi0n-checkManifestLockResult.txt",
			);
			runOnlyForDeploymentPostprocessing = 0;
			shellPath = /bin/sh;
			shellScript = "diff \"${PODS_PODFILE_DIR_PATH}/Podfile.lock\" \"${PODS_ROOT}/Manifest.lock\" > /dev/null\nif [ $? != 0 ] ; then\n    # print error to STDERR\n    echo \"error: The sandbox is not in sync with the Podfile.lock. Run 'pod install' or update your CocoaPods installation.\" >&2\n    exit 1\nfi\n# This output is used by Xcode 'outputs' to avoid re-running this script phase.\necho \"SUCCESS\" > \"${SCRIPT_OUTPUT_FILE_0}\"\n";
			showEnvVarsInLog = 0;
		};
		50B5672D5A118EEF3CE9D2F9 /* [CP] Embed Pods Frameworks */ = {
			isa = PBXShellScriptBuildPhase;
			buildActionMask = 2147483647;
			files = (
			);
			inputFileListPaths = (
				"${PODS_ROOT}/Target Support Files/Pods-emissi0n/Pods-emissi0n-frameworks-${CONFIGURATION}-input-files.xcfilelist",
			);
			name = "[CP] Embed Pods Frameworks";
			outputFileListPaths = (
				"${PODS_ROOT}/Target Support Files/Pods-emissi0n/Pods-emissi0n-frameworks-${CONFIGURATION}-output-files.xcfilelist",
			);
			runOnlyForDeploymentPostprocessing = 0;
			shellPath = /bin/sh;
			shellScript = "\"${PODS_ROOT}/Target Support Files/Pods-emissi0n/Pods-emissi0n-frameworks.sh\"\n";
			showEnvVarsInLog = 0;
		};
/* End PBXShellScriptBuildPhase section */

/* Begin PBXSourcesBuildPhase section */
		2DBB22872908CF2600011D2B /* Sources */ = {
			isa = PBXSourcesBuildPhase;
			buildActionMask = 2147483647;
			files = (
				2DBB228F2908CF2600011D2B /* AppDelegate.swift in Sources */,
				2DD51D17290B393300AEA0C9 /* HomeNetwork.swift in Sources */,
				2DBB22912908CF2600011D2B /* SceneDelegate.swift in Sources */,
				C8D8836629098E89008BD8D6 /* SignInViewController.swift in Sources */,
				C8D8836829098EBB008BD8D6 /* HomeViewController.swift in Sources */,
				2D9896CA290F5BC1008CDA78 /* HomeNetworkTest.swift in Sources */,
				C892F5C12909A96200E5D085 /* SignUpViewController.swift in Sources */,
			);
			runOnlyForDeploymentPostprocessing = 0;
		};
/* End PBXSourcesBuildPhase section */

/* Begin PBXVariantGroup section */
		2DBB22942908CF2600011D2B /* Main.storyboard */ = {
			isa = PBXVariantGroup;
			children = (
				2DBB22952908CF2600011D2B /* Base */,
			);
			name = Main.storyboard;
			sourceTree = "<group>";
		};
		2DBB22992908CF2A00011D2B /* LaunchScreen.storyboard */ = {
			isa = PBXVariantGroup;
			children = (
				2DBB229A2908CF2A00011D2B /* Base */,
			);
			name = LaunchScreen.storyboard;
			sourceTree = "<group>";
		};
/* End PBXVariantGroup section */

/* Begin XCBuildConfiguration section */
		2DBB229D2908CF2A00011D2B /* Debug */ = {
			isa = XCBuildConfiguration;
			buildSettings = {
				ALWAYS_SEARCH_USER_PATHS = NO;
				CLANG_ANALYZER_NONNULL = YES;
				CLANG_ANALYZER_NUMBER_OBJECT_CONVERSION = YES_AGGRESSIVE;
				CLANG_CXX_LANGUAGE_STANDARD = "gnu++17";
				CLANG_ENABLE_MODULES = YES;
				CLANG_ENABLE_OBJC_ARC = YES;
				CLANG_ENABLE_OBJC_WEAK = YES;
				CLANG_WARN_BLOCK_CAPTURE_AUTORELEASING = YES;
				CLANG_WARN_BOOL_CONVERSION = YES;
				CLANG_WARN_COMMA = YES;
				CLANG_WARN_CONSTANT_CONVERSION = YES;
				CLANG_WARN_DEPRECATED_OBJC_IMPLEMENTATIONS = YES;
				CLANG_WARN_DIRECT_OBJC_ISA_USAGE = YES_ERROR;
				CLANG_WARN_DOCUMENTATION_COMMENTS = YES;
				CLANG_WARN_EMPTY_BODY = YES;
				CLANG_WARN_ENUM_CONVERSION = YES;
				CLANG_WARN_INFINITE_RECURSION = YES;
				CLANG_WARN_INT_CONVERSION = YES;
				CLANG_WARN_NON_LITERAL_NULL_CONVERSION = YES;
				CLANG_WARN_OBJC_IMPLICIT_RETAIN_SELF = YES;
				CLANG_WARN_OBJC_LITERAL_CONVERSION = YES;
				CLANG_WARN_OBJC_ROOT_CLASS = YES_ERROR;
				CLANG_WARN_QUOTED_INCLUDE_IN_FRAMEWORK_HEADER = YES;
				CLANG_WARN_RANGE_LOOP_ANALYSIS = YES;
				CLANG_WARN_STRICT_PROTOTYPES = YES;
				CLANG_WARN_SUSPICIOUS_MOVE = YES;
				CLANG_WARN_UNGUARDED_AVAILABILITY = YES_AGGRESSIVE;
				CLANG_WARN_UNREACHABLE_CODE = YES;
				CLANG_WARN__DUPLICATE_METHOD_MATCH = YES;
				COPY_PHASE_STRIP = NO;
				DEBUG_INFORMATION_FORMAT = dwarf;
				ENABLE_STRICT_OBJC_MSGSEND = YES;
				ENABLE_TESTABILITY = YES;
				GCC_C_LANGUAGE_STANDARD = gnu11;
				GCC_DYNAMIC_NO_PIC = NO;
				GCC_NO_COMMON_BLOCKS = YES;
				GCC_OPTIMIZATION_LEVEL = 0;
				GCC_PREPROCESSOR_DEFINITIONS = (
					"DEBUG=1",
					"$(inherited)",
				);
				GCC_WARN_64_TO_32_BIT_CONVERSION = YES;
				GCC_WARN_ABOUT_RETURN_TYPE = YES_ERROR;
				GCC_WARN_UNDECLARED_SELECTOR = YES;
				GCC_WARN_UNINITIALIZED_AUTOS = YES_AGGRESSIVE;
				GCC_WARN_UNUSED_FUNCTION = YES;
				GCC_WARN_UNUSED_VARIABLE = YES;
				IPHONEOS_DEPLOYMENT_TARGET = 15.5;
				MTL_ENABLE_DEBUG_INFO = INCLUDE_SOURCE;
				MTL_FAST_MATH = YES;
				ONLY_ACTIVE_ARCH = YES;
				SDKROOT = iphoneos;
				SWIFT_ACTIVE_COMPILATION_CONDITIONS = DEBUG;
				SWIFT_OPTIMIZATION_LEVEL = "-Onone";
			};
			name = Debug;
		};
		2DBB229E2908CF2A00011D2B /* Release */ = {
			isa = XCBuildConfiguration;
			buildSettings = {
				ALWAYS_SEARCH_USER_PATHS = NO;
				CLANG_ANALYZER_NONNULL = YES;
				CLANG_ANALYZER_NUMBER_OBJECT_CONVERSION = YES_AGGRESSIVE;
				CLANG_CXX_LANGUAGE_STANDARD = "gnu++17";
				CLANG_ENABLE_MODULES = YES;
				CLANG_ENABLE_OBJC_ARC = YES;
				CLANG_ENABLE_OBJC_WEAK = YES;
				CLANG_WARN_BLOCK_CAPTURE_AUTORELEASING = YES;
				CLANG_WARN_BOOL_CONVERSION = YES;
				CLANG_WARN_COMMA = YES;
				CLANG_WARN_CONSTANT_CONVERSION = YES;
				CLANG_WARN_DEPRECATED_OBJC_IMPLEMENTATIONS = YES;
				CLANG_WARN_DIRECT_OBJC_ISA_USAGE = YES_ERROR;
				CLANG_WARN_DOCUMENTATION_COMMENTS = YES;
				CLANG_WARN_EMPTY_BODY = YES;
				CLANG_WARN_ENUM_CONVERSION = YES;
				CLANG_WARN_INFINITE_RECURSION = YES;
				CLANG_WARN_INT_CONVERSION = YES;
				CLANG_WARN_NON_LITERAL_NULL_CONVERSION = YES;
				CLANG_WARN_OBJC_IMPLICIT_RETAIN_SELF = YES;
				CLANG_WARN_OBJC_LITERAL_CONVERSION = YES;
				CLANG_WARN_OBJC_ROOT_CLASS = YES_ERROR;
				CLANG_WARN_QUOTED_INCLUDE_IN_FRAMEWORK_HEADER = YES;
				CLANG_WARN_RANGE_LOOP_ANALYSIS = YES;
				CLANG_WARN_STRICT_PROTOTYPES = YES;
				CLANG_WARN_SUSPICIOUS_MOVE = YES;
				CLANG_WARN_UNGUARDED_AVAILABILITY = YES_AGGRESSIVE;
				CLANG_WARN_UNREACHABLE_CODE = YES;
				CLANG_WARN__DUPLICATE_METHOD_MATCH = YES;
				COPY_PHASE_STRIP = NO;
				DEBUG_INFORMATION_FORMAT = "dwarf-with-dsym";
				ENABLE_NS_ASSERTIONS = NO;
				ENABLE_STRICT_OBJC_MSGSEND = YES;
				GCC_C_LANGUAGE_STANDARD = gnu11;
				GCC_NO_COMMON_BLOCKS = YES;
				GCC_WARN_64_TO_32_BIT_CONVERSION = YES;
				GCC_WARN_ABOUT_RETURN_TYPE = YES_ERROR;
				GCC_WARN_UNDECLARED_SELECTOR = YES;
				GCC_WARN_UNINITIALIZED_AUTOS = YES_AGGRESSIVE;
				GCC_WARN_UNUSED_FUNCTION = YES;
				GCC_WARN_UNUSED_VARIABLE = YES;
				IPHONEOS_DEPLOYMENT_TARGET = 15.5;
				MTL_ENABLE_DEBUG_INFO = NO;
				MTL_FAST_MATH = YES;
				SDKROOT = iphoneos;
				SWIFT_COMPILATION_MODE = wholemodule;
				SWIFT_OPTIMIZATION_LEVEL = "-O";
				VALIDATE_PRODUCT = YES;
			};
			name = Release;
		};
		2DBB22A02908CF2A00011D2B /* Debug */ = {
			isa = XCBuildConfiguration;
			baseConfigurationReference = FE8448CF92E1A491BC947FB0 /* Pods-emissi0n.debug.xcconfig */;
			buildSettings = {
				ASSETCATALOG_COMPILER_APPICON_NAME = AppIcon;
				ASSETCATALOG_COMPILER_GLOBAL_ACCENT_COLOR_NAME = AccentColor;
				CODE_SIGN_STYLE = Automatic;
				CURRENT_PROJECT_VERSION = 1;
				DEVELOPMENT_TEAM = LQU2HA2MQX;
				GENERATE_INFOPLIST_FILE = YES;
				INFOPLIST_FILE = emissi0n/Info.plist;
				INFOPLIST_KEY_UIApplicationSupportsIndirectInputEvents = YES;
				INFOPLIST_KEY_UILaunchStoryboardName = LaunchScreen;
				INFOPLIST_KEY_UIMainStoryboardFile = Main;
				INFOPLIST_KEY_UISupportedInterfaceOrientations_iPad = "UIInterfaceOrientationPortrait UIInterfaceOrientationPortraitUpsideDown UIInterfaceOrientationLandscapeLeft UIInterfaceOrientationLandscapeRight";
				INFOPLIST_KEY_UISupportedInterfaceOrientations_iPhone = "UIInterfaceOrientationPortrait UIInterfaceOrientationLandscapeLeft UIInterfaceOrientationLandscapeRight";
				LD_RUNPATH_SEARCH_PATHS = (
					"$(inherited)",
					"@executable_path/Frameworks",
				);
				MARKETING_VERSION = 1.0;
				PRODUCT_BUNDLE_IDENTIFIER = com.erickelly.emissi0n;
				PRODUCT_NAME = "$(TARGET_NAME)";
				SWIFT_EMIT_LOC_STRINGS = YES;
				SWIFT_VERSION = 5.0;
				TARGETED_DEVICE_FAMILY = "1,2";
			};
			name = Debug;
		};
		2DBB22A12908CF2A00011D2B /* Release */ = {
			isa = XCBuildConfiguration;
			baseConfigurationReference = 566ABB4DA31D7E75C4AE5AB8 /* Pods-emissi0n.release.xcconfig */;
			buildSettings = {
				ASSETCATALOG_COMPILER_APPICON_NAME = AppIcon;
				ASSETCATALOG_COMPILER_GLOBAL_ACCENT_COLOR_NAME = AccentColor;
				CODE_SIGN_STYLE = Automatic;
				CURRENT_PROJECT_VERSION = 1;
				DEVELOPMENT_TEAM = LQU2HA2MQX;
				GENERATE_INFOPLIST_FILE = YES;
				INFOPLIST_FILE = emissi0n/Info.plist;
				INFOPLIST_KEY_UIApplicationSupportsIndirectInputEvents = YES;
				INFOPLIST_KEY_UILaunchStoryboardName = LaunchScreen;
				INFOPLIST_KEY_UIMainStoryboardFile = Main;
				INFOPLIST_KEY_UISupportedInterfaceOrientations_iPad = "UIInterfaceOrientationPortrait UIInterfaceOrientationPortraitUpsideDown UIInterfaceOrientationLandscapeLeft UIInterfaceOrientationLandscapeRight";
				INFOPLIST_KEY_UISupportedInterfaceOrientations_iPhone = "UIInterfaceOrientationPortrait UIInterfaceOrientationLandscapeLeft UIInterfaceOrientationLandscapeRight";
				LD_RUNPATH_SEARCH_PATHS = (
					"$(inherited)",
					"@executable_path/Frameworks",
				);
				MARKETING_VERSION = 1.0;
				PRODUCT_BUNDLE_IDENTIFIER = com.erickelly.emissi0n;
				PRODUCT_NAME = "$(TARGET_NAME)";
				SWIFT_EMIT_LOC_STRINGS = YES;
				SWIFT_VERSION = 5.0;
				TARGETED_DEVICE_FAMILY = "1,2";
			};
			name = Release;
		};
/* End XCBuildConfiguration section */

/* Begin XCConfigurationList section */
		2DBB22862908CF2600011D2B /* Build configuration list for PBXProject "emissi0n" */ = {
			isa = XCConfigurationList;
			buildConfigurations = (
				2DBB229D2908CF2A00011D2B /* Debug */,
				2DBB229E2908CF2A00011D2B /* Release */,
			);
			defaultConfigurationIsVisible = 0;
			defaultConfigurationName = Release;
		};
		2DBB229F2908CF2A00011D2B /* Build configuration list for PBXNativeTarget "emissi0n" */ = {
			isa = XCConfigurationList;
			buildConfigurations = (
				2DBB22A02908CF2A00011D2B /* Debug */,
				2DBB22A12908CF2A00011D2B /* Release */,
			);
			defaultConfigurationIsVisible = 0;
			defaultConfigurationName = Release;
		};
/* End XCConfigurationList section */
	};
	rootObject = 2DBB22832908CF2600011D2B /* Project object */;
}
